// !$*UTF8*$!
{
	archiveVersion = 1;
	classes = {
	};
	objectVersion = 56;
	objects = {

/* Begin PBXBuildFile section */
		22F55F5C295235DD00588A31 /* TextCompareApp.swift in Sources */ = {isa = PBXBuildFile; fileRef = 22F55F5B295235DD00588A31 /* TextCompareApp.swift */; };
		22F55F5E295235DD00588A31 /* ContentView.swift in Sources */ = {isa = PBXBuildFile; fileRef = 22F55F5D295235DD00588A31 /* ContentView.swift */; };
		22F55F60295235DE00588A31 /* Assets.xcassets in Resources */ = {isa = PBXBuildFile; fileRef = 22F55F5F295235DE00588A31 /* Assets.xcassets */; };
		22F55F63295235DE00588A31 /* Preview Assets.xcassets in Resources */ = {isa = PBXBuildFile; fileRef = 22F55F62295235DE00588A31 /* Preview Assets.xcassets */; };
		22F55F6E295235DF00588A31 /* TextCompareTests.swift in Sources */ = {isa = PBXBuildFile; fileRef = 22F55F6D295235DF00588A31 /* TextCompareTests.swift */; };
		22F55F78295235DF00588A31 /* TextCompareUITests.swift in Sources */ = {isa = PBXBuildFile; fileRef = 22F55F77295235DF00588A31 /* TextCompareUITests.swift */; };
		22F55F7A295235DF00588A31 /* TextCompareUITestsLaunchTests.swift in Sources */ = {isa = PBXBuildFile; fileRef = 22F55F79295235DF00588A31 /* TextCompareUITestsLaunchTests.swift */; };
/* End PBXBuildFile section */

/* Begin PBXContainerItemProxy section */
		22F55F6A295235DF00588A31 /* PBXContainerItemProxy */ = {
			isa = PBXContainerItemProxy;
			containerPortal = 22F55F50295235DD00588A31 /* Project object */;
			proxyType = 1;
			remoteGlobalIDString = 22F55F57295235DD00588A31;
			remoteInfo = TextCompare;
		};
		22F55F74295235DF00588A31 /* PBXContainerItemProxy */ = {
			isa = PBXContainerItemProxy;
			containerPortal = 22F55F50295235DD00588A31 /* Project object */;
			proxyType = 1;
			remoteGlobalIDString = 22F55F57295235DD00588A31;
			remoteInfo = TextCompare;
		};
/* End PBXContainerItemProxy section */

/* Begin PBXFileReference section */
		22F55F58295235DD00588A31 /* TextCompare.app */ = {isa = PBXFileReference; explicitFileType = wrapper.application; includeInIndex = 0; path = TextCompare.app; sourceTree = BUILT_PRODUCTS_DIR; };
		22F55F5B295235DD00588A31 /* TextCompareApp.swift */ = {isa = PBXFileReference; lastKnownFileType = sourcecode.swift; path = TextCompareApp.swift; sourceTree = "<group>"; };
		22F55F5D295235DD00588A31 /* ContentView.swift */ = {isa = PBXFileReference; lastKnownFileType = sourcecode.swift; path = ContentView.swift; sourceTree = "<group>"; };
		22F55F5F295235DE00588A31 /* Assets.xcassets */ = {isa = PBXFileReference; lastKnownFileType = folder.assetcatalog; path = Assets.xcassets; sourceTree = "<group>"; };
		22F55F62295235DE00588A31 /* Preview Assets.xcassets */ = {isa = PBXFileReference; lastKnownFileType = folder.assetcatalog; path = "Preview Assets.xcassets"; sourceTree = "<group>"; };
		22F55F64295235DE00588A31 /* TextCompare.entitlements */ = {isa = PBXFileReference; lastKnownFileType = text.plist.entitlements; path = TextCompare.entitlements; sourceTree = "<group>"; };
		22F55F69295235DF00588A31 /* TextCompareTests.xctest */ = {isa = PBXFileReference; explicitFileType = wrapper.cfbundle; includeInIndex = 0; path = TextCompareTests.xctest; sourceTree = BUILT_PRODUCTS_DIR; };
		22F55F6D295235DF00588A31 /* TextCompareTests.swift */ = {isa = PBXFileReference; lastKnownFileType = sourcecode.swift; path = TextCompareTests.swift; sourceTree = "<group>"; };
		22F55F73295235DF00588A31 /* TextCompareUITests.xctest */ = {isa = PBXFileReference; explicitFileType = wrapper.cfbundle; includeInIndex = 0; path = TextCompareUITests.xctest; sourceTree = BUILT_PRODUCTS_DIR; };
		22F55F77295235DF00588A31 /* TextCompareUITests.swift */ = {isa = PBXFileReference; lastKnownFileType = sourcecode.swift; path = TextCompareUITests.swift; sourceTree = "<group>"; };
		22F55F79295235DF00588A31 /* TextCompareUITestsLaunchTests.swift */ = {isa = PBXFileReference; lastKnownFileType = sourcecode.swift; path = TextCompareUITestsLaunchTests.swift; sourceTree = "<group>"; };
/* End PBXFileReference section */

/* Begin PBXFrameworksBuildPhase section */
		22F55F55295235DD00588A31 /* Frameworks */ = {
			isa = PBXFrameworksBuildPhase;
			buildActionMask = 2147483647;
			files = (
			);
			runOnlyForDeploymentPostprocessing = 0;
		};
		22F55F66295235DF00588A31 /* Frameworks */ = {
			isa = PBXFrameworksBuildPhase;
			buildActionMask = 2147483647;
			files = (
			);
			runOnlyForDeploymentPostprocessing = 0;
		};
		22F55F70295235DF00588A31 /* Frameworks */ = {
			isa = PBXFrameworksBuildPhase;
			buildActionMask = 2147483647;
			files = (
			);
			runOnlyForDeploymentPostprocessing = 0;
		};
/* End PBXFrameworksBuildPhase section */

/* Begin PBXGroup section */
		22F55F4F295235DD00588A31 = {
			isa = PBXGroup;
			children = (
				22F55F5A295235DD00588A31 /* TextCompare */,
				22F55F6C295235DF00588A31 /* TextCompareTests */,
				22F55F76295235DF00588A31 /* TextCompareUITests */,
				22F55F59295235DD00588A31 /* Products */,
			);
			sourceTree = "<group>";
		};
		22F55F59295235DD00588A31 /* Products */ = {
			isa = PBXGroup;
			children = (
				22F55F58295235DD00588A31 /* TextCompare.app */,
				22F55F69295235DF00588A31 /* TextCompareTests.xctest */,
				22F55F73295235DF00588A31 /* TextCompareUITests.xctest */,
			);
			name = Products;
			sourceTree = "<group>";
		};
		22F55F5A295235DD00588A31 /* TextCompare */ = {
			isa = PBXGroup;
			children = (
				22F55F5B295235DD00588A31 /* TextCompareApp.swift */,
				22F55F5D295235DD00588A31 /* ContentView.swift */,
				22F55F5F295235DE00588A31 /* Assets.xcassets */,
				22F55F64295235DE00588A31 /* TextCompare.entitlements */,
				22F55F61295235DE00588A31 /* Preview Content */,
			);
			path = TextCompare;
			sourceTree = "<group>";
		};
		22F55F61295235DE00588A31 /* Preview Content */ = {
			isa = PBXGroup;
			children = (
				22F55F62295235DE00588A31 /* Preview Assets.xcassets */,
			);
			path = "Preview Content";
			sourceTree = "<group>";
		};
		22F55F6C295235DF00588A31 /* TextCompareTests */ = {
			isa = PBXGroup;
			children = (
				22F55F6D295235DF00588A31 /* TextCompareTests.swift */,
			);
			path = TextCompareTests;
			sourceTree = "<group>";
		};
		22F55F76295235DF00588A31 /* TextCompareUITests */ = {
			isa = PBXGroup;
			children = (
				22F55F77295235DF00588A31 /* TextCompareUITests.swift */,
				22F55F79295235DF00588A31 /* TextCompareUITestsLaunchTests.swift */,
			);
			path = TextCompareUITests;
			sourceTree = "<group>";
		};
/* End PBXGroup section */

/* Begin PBXNativeTarget section */
		22F55F57295235DD00588A31 /* TextCompare */ = {
			isa = PBXNativeTarget;
			buildConfigurationList = 22F55F7D295235DF00588A31 /* Build configuration list for PBXNativeTarget "TextCompare" */;
			buildPhases = (
				22F55F54295235DD00588A31 /* Sources */,
				22F55F55295235DD00588A31 /* Frameworks */,
				22F55F56295235DD00588A31 /* Resources */,
			);
			buildRules = (
			);
			dependencies = (
			);
			name = TextCompare;
			productName = TextCompare;
			productReference = 22F55F58295235DD00588A31 /* TextCompare.app */;
			productType = "com.apple.product-type.application";
		};
		22F55F68295235DF00588A31 /* TextCompareTests */ = {
			isa = PBXNativeTarget;
			buildConfigurationList = 22F55F80295235DF00588A31 /* Build configuration list for PBXNativeTarget "TextCompareTests" */;
			buildPhases = (
				22F55F65295235DF00588A31 /* Sources */,
				22F55F66295235DF00588A31 /* Frameworks */,
				22F55F67295235DF00588A31 /* Resources */,
			);
			buildRules = (
			);
			dependencies = (
				22F55F6B295235DF00588A31 /* PBXTargetDependency */,
			);
			name = TextCompareTests;
			productName = TextCompareTests;
			productReference = 22F55F69295235DF00588A31 /* TextCompareTests.xctest */;
			productType = "com.apple.product-type.bundle.unit-test";
		};
		22F55F72295235DF00588A31 /* TextCompareUITests */ = {
			isa = PBXNativeTarget;
			buildConfigurationList = 22F55F83295235DF00588A31 /* Build configuration list for PBXNativeTarget "TextCompareUITests" */;
			buildPhases = (
				22F55F6F295235DF00588A31 /* Sources */,
				22F55F70295235DF00588A31 /* Frameworks */,
				22F55F71295235DF00588A31 /* Resources */,
			);
			buildRules = (
			);
			dependencies = (
				22F55F75295235DF00588A31 /* PBXTargetDependency */,
			);
			name = TextCompareUITests;
			productName = TextCompareUITests;
			productReference = 22F55F73295235DF00588A31 /* TextCompareUITests.xctest */;
			productType = "com.apple.product-type.bundle.ui-testing";
		};
/* End PBXNativeTarget section */

/* Begin PBXProject section */
		22F55F50295235DD00588A31 /* Project object */ = {
			isa = PBXProject;
			attributes = {
				BuildIndependentTargetsInParallel = 1;
				LastSwiftUpdateCheck = 1420;
				LastUpgradeCheck = 1420;
				TargetAttributes = {
					22F55F57295235DD00588A31 = {
						CreatedOnToolsVersion = 14.2;
					};
					22F55F68295235DF00588A31 = {
						CreatedOnToolsVersion = 14.2;
						TestTargetID = 22F55F57295235DD00588A31;
					};
					22F55F72295235DF00588A31 = {
						CreatedOnToolsVersion = 14.2;
						TestTargetID = 22F55F57295235DD00588A31;
					};
				};
			};
			buildConfigurationList = 22F55F53295235DD00588A31 /* Build configuration list for PBXProject "TextCompare" */;
			compatibilityVersion = "Xcode 14.0";
			developmentRegion = en;
			hasScannedForEncodings = 0;
			knownRegions = (
				en,
				Base,
			);
			mainGroup = 22F55F4F295235DD00588A31;
			productRefGroup = 22F55F59295235DD00588A31 /* Products */;
			projectDirPath = "";
			projectRoot = "";
			targets = (
				22F55F57295235DD00588A31 /* TextCompare */,
				22F55F68295235DF00588A31 /* TextCompareTests */,
				22F55F72295235DF00588A31 /* TextCompareUITests */,
			);
		};
/* End PBXProject section */

/* Begin PBXResourcesBuildPhase section */
		22F55F56295235DD00588A31 /* Resources */ = {
			isa = PBXResourcesBuildPhase;
			buildActionMask = 2147483647;
			files = (
				22F55F63295235DE00588A31 /* Preview Assets.xcassets in Resources */,
				22F55F60295235DE00588A31 /* Assets.xcassets in Resources */,
			);
			runOnlyForDeploymentPostprocessing = 0;
		};
		22F55F67295235DF00588A31 /* Resources */ = {
			isa = PBXResourcesBuildPhase;
			buildActionMask = 2147483647;
			files = (
			);
			runOnlyForDeploymentPostprocessing = 0;
		};
		22F55F71295235DF00588A31 /* Resources */ = {
			isa = PBXResourcesBuildPhase;
			buildActionMask = 2147483647;
			files = (
			);
			runOnlyForDeploymentPostprocessing = 0;
		};
/* End PBXResourcesBuildPhase section */

/* Begin PBXSourcesBuildPhase section */
		22F55F54295235DD00588A31 /* Sources */ = {
			isa = PBXSourcesBuildPhase;
			buildActionMask = 2147483647;
			files = (
				22F55F5E295235DD00588A31 /* ContentView.swift in Sources */,
				22F55F5C295235DD00588A31 /* TextCompareApp.swift in Sources */,
			);
			runOnlyForDeploymentPostprocessing = 0;
		};
		22F55F65295235DF00588A31 /* Sources */ = {
			isa = PBXSourcesBuildPhase;
			buildActionMask = 2147483647;
			files = (
				22F55F6E295235DF00588A31 /* TextCompareTests.swift in Sources */,
			);
			runOnlyForDeploymentPostprocessing = 0;
		};
		22F55F6F295235DF00588A31 /* Sources */ = {
			isa = PBXSourcesBuildPhase;
			buildActionMask = 2147483647;
			files = (
				22F55F78295235DF00588A31 /* TextCompareUITests.swift in Sources */,
				22F55F7A295235DF00588A31 /* TextCompareUITestsLaunchTests.swift in Sources */,
			);
			runOnlyForDeploymentPostprocessing = 0;
		};
/* End PBXSourcesBuildPhase section */

/* Begin PBXTargetDependency section */
		22F55F6B295235DF00588A31 /* PBXTargetDependency */ = {
			isa = PBXTargetDependency;
			target = 22F55F57295235DD00588A31 /* TextCompare */;
			targetProxy = 22F55F6A295235DF00588A31 /* PBXContainerItemProxy */;
		};
		22F55F75295235DF00588A31 /* PBXTargetDependency */ = {
			isa = PBXTargetDependency;
			target = 22F55F57295235DD00588A31 /* TextCompare */;
			targetProxy = 22F55F74295235DF00588A31 /* PBXContainerItemProxy */;
		};
/* End PBXTargetDependency section */

/* Begin XCBuildConfiguration section */
		22F55F7B295235DF00588A31 /* Debug */ = {
			isa = XCBuildConfiguration;
			buildSettings = {
				ALWAYS_SEARCH_USER_PATHS = NO;
				CLANG_ANALYZER_NONNULL = YES;
				CLANG_ANALYZER_NUMBER_OBJECT_CONVERSION = YES_AGGRESSIVE;
				CLANG_CXX_LANGUAGE_STANDARD = "gnu++20";
				CLANG_ENABLE_MODULES = YES;
				CLANG_ENABLE_OBJC_ARC = YES;
				CLANG_ENABLE_OBJC_WEAK = YES;
				CLANG_WARN_BLOCK_CAPTURE_AUTORELEASING = YES;
				CLANG_WARN_BOOL_CONVERSION = YES;
				CLANG_WARN_COMMA = YES;
				CLANG_WARN_CONSTANT_CONVERSION = YES;
				CLANG_WARN_DEPRECATED_OBJC_IMPLEMENTATIONS = YES;
				CLANG_WARN_DIRECT_OBJC_ISA_USAGE = YES_ERROR;
				CLANG_WARN_DOCUMENTATION_COMMENTS = YES;
				CLANG_WARN_EMPTY_BODY = YES;
				CLANG_WARN_ENUM_CONVERSION = YES;
				CLANG_WARN_INFINITE_RECURSION = YES;
				CLANG_WARN_INT_CONVERSION = YES;
				CLANG_WARN_NON_LITERAL_NULL_CONVERSION = YES;
				CLANG_WARN_OBJC_IMPLICIT_RETAIN_SELF = YES;
				CLANG_WARN_OBJC_LITERAL_CONVERSION = YES;
				CLANG_WARN_OBJC_ROOT_CLASS = YES_ERROR;
				CLANG_WARN_QUOTED_INCLUDE_IN_FRAMEWORK_HEADER = YES;
				CLANG_WARN_RANGE_LOOP_ANALYSIS = YES;
				CLANG_WARN_STRICT_PROTOTYPES = YES;
				CLANG_WARN_SUSPICIOUS_MOVE = YES;
				CLANG_WARN_UNGUARDED_AVAILABILITY = YES_AGGRESSIVE;
				CLANG_WARN_UNREACHABLE_CODE = YES;
				CLANG_WARN__DUPLICATE_METHOD_MATCH = YES;
				COPY_PHASE_STRIP = NO;
				DEBUG_INFORMATION_FORMAT = dwarf;
				ENABLE_STRICT_OBJC_MSGSEND = YES;
				ENABLE_TESTABILITY = YES;
				GCC_C_LANGUAGE_STANDARD = gnu11;
				GCC_DYNAMIC_NO_PIC = NO;
				GCC_NO_COMMON_BLOCKS = YES;
				GCC_OPTIMIZATION_LEVEL = 0;
				GCC_PREPROCESSOR_DEFINITIONS = (
					"DEBUG=1",
					"$(inherited)",
				);
				GCC_WARN_64_TO_32_BIT_CONVERSION = YES;
				GCC_WARN_ABOUT_RETURN_TYPE = YES_ERROR;
				GCC_WARN_UNDECLARED_SELECTOR = YES;
				GCC_WARN_UNINITIALIZED_AUTOS = YES_AGGRESSIVE;
				GCC_WARN_UNUSED_FUNCTION = YES;
				GCC_WARN_UNUSED_VARIABLE = YES;
				MACOSX_DEPLOYMENT_TARGET = 13.0;
				MTL_ENABLE_DEBUG_INFO = INCLUDE_SOURCE;
				MTL_FAST_MATH = YES;
				ONLY_ACTIVE_ARCH = YES;
				SDKROOT = macosx;
				SWIFT_ACTIVE_COMPILATION_CONDITIONS = DEBUG;
				SWIFT_OPTIMIZATION_LEVEL = "-Onone";
			};
			name = Debug;
		};
		22F55F7C295235DF00588A31 /* Release */ = {
			isa = XCBuildConfiguration;
			buildSettings = {
				ALWAYS_SEARCH_USER_PATHS = NO;
				CLANG_ANALYZER_NONNULL = YES;
				CLANG_ANALYZER_NUMBER_OBJECT_CONVERSION = YES_AGGRESSIVE;
				CLANG_CXX_LANGUAGE_STANDARD = "gnu++20";
				CLANG_ENABLE_MODULES = YES;
				CLANG_ENABLE_OBJC_ARC = YES;
				CLANG_ENABLE_OBJC_WEAK = YES;
				CLANG_WARN_BLOCK_CAPTURE_AUTORELEASING = YES;
				CLANG_WARN_BOOL_CONVERSION = YES;
				CLANG_WARN_COMMA = YES;
				CLANG_WARN_CONSTANT_CONVERSION = YES;
				CLANG_WARN_DEPRECATED_OBJC_IMPLEMENTATIONS = YES;
				CLANG_WARN_DIRECT_OBJC_ISA_USAGE = YES_ERROR;
				CLANG_WARN_DOCUMENTATION_COMMENTS = YES;
				CLANG_WARN_EMPTY_BODY = YES;
				CLANG_WARN_ENUM_CONVERSION = YES;
				CLANG_WARN_INFINITE_RECURSION = YES;
				CLANG_WARN_INT_CONVERSION = YES;
				CLANG_WARN_NON_LITERAL_NULL_CONVERSION = YES;
				CLANG_WARN_OBJC_IMPLICIT_RETAIN_SELF = YES;
				CLANG_WARN_OBJC_LITERAL_CONVERSION = YES;
				CLANG_WARN_OBJC_ROOT_CLASS = YES_ERROR;
				CLANG_WARN_QUOTED_INCLUDE_IN_FRAMEWORK_HEADER = YES;
				CLANG_WARN_RANGE_LOOP_ANALYSIS = YES;
				CLANG_WARN_STRICT_PROTOTYPES = YES;
				CLANG_WARN_SUSPICIOUS_MOVE = YES;
				CLANG_WARN_UNGUARDED_AVAILABILITY = YES_AGGRESSIVE;
				CLANG_WARN_UNREACHABLE_CODE = YES;
				CLANG_WARN__DUPLICATE_METHOD_MATCH = YES;
				COPY_PHASE_STRIP = NO;
				DEBUG_INFORMATION_FORMAT = "dwarf-with-dsym";
				ENABLE_NS_ASSERTIONS = NO;
				ENABLE_STRICT_OBJC_MSGSEND = YES;
				GCC_C_LANGUAGE_STANDARD = gnu11;
				GCC_NO_COMMON_BLOCKS = YES;
				GCC_WARN_64_TO_32_BIT_CONVERSION = YES;
				GCC_WARN_ABOUT_RETURN_TYPE = YES_ERROR;
				GCC_WARN_UNDECLARED_SELECTOR = YES;
				GCC_WARN_UNINITIALIZED_AUTOS = YES_AGGRESSIVE;
				GCC_WARN_UNUSED_FUNCTION = YES;
				GCC_WARN_UNUSED_VARIABLE = YES;
				MACOSX_DEPLOYMENT_TARGET = 13.0;
				MTL_ENABLE_DEBUG_INFO = NO;
				MTL_FAST_MATH = YES;
				SDKROOT = macosx;
				SWIFT_COMPILATION_MODE = wholemodule;
				SWIFT_OPTIMIZATION_LEVEL = "-O";
			};
			name = Release;
		};
		22F55F7E295235DF00588A31 /* Debug */ = {
			isa = XCBuildConfiguration;
			buildSettings = {
				ASSETCATALOG_COMPILER_APPICON_NAME = AppIcon;
				ASSETCATALOG_COMPILER_GLOBAL_ACCENT_COLOR_NAME = AccentColor;
				CODE_SIGN_ENTITLEMENTS = TextCompare/TextCompare.entitlements;
				CODE_SIGN_STYLE = Automatic;
				COMBINE_HIDPI_IMAGES = YES;
				CURRENT_PROJECT_VERSION = 1;
				DEVELOPMENT_ASSET_PATHS = "\"TextCompare/Preview Content\"";
				DEVELOPMENT_TEAM = 6Z6V8J8WM4;
				ENABLE_HARDENED_RUNTIME = YES;
				ENABLE_PREVIEWS = YES;
				GENERATE_INFOPLIST_FILE = YES;
				INFOPLIST_KEY_NSHumanReadableCopyright = "";
				LD_RUNPATH_SEARCH_PATHS = (
					"$(inherited)",
					"@executable_path/../Frameworks",
				);
				MARKETING_VERSION = 1.0;
				PRODUCT_BUNDLE_IDENTIFIER = OPA.TextCompare;
				PRODUCT_NAME = "$(TARGET_NAME)";
				SWIFT_EMIT_LOC_STRINGS = YES;
				SWIFT_VERSION = 5.0;
			};
			name = Debug;
		};
		22F55F7F295235DF00588A31 /* Release */ = {
			isa = XCBuildConfiguration;
			buildSettings = {
				ASSETCATALOG_COMPILER_APPICON_NAME = AppIcon;
				ASSETCATALOG_COMPILER_GLOBAL_ACCENT_COLOR_NAME = AccentColor;
				CODE_SIGN_ENTITLEMENTS = TextCompare/TextCompare.entitlements;
				CODE_SIGN_STYLE = Automatic;
				COMBINE_HIDPI_IMAGES = YES;
				CURRENT_PROJECT_VERSION = 1;
				DEVELOPMENT_ASSET_PATHS = "\"TextCompare/Preview Content\"";
				DEVELOPMENT_TEAM = 6Z6V8J8WM4;
				ENABLE_HARDENED_RUNTIME = YES;
				ENABLE_PREVIEWS = YES;
				GENERATE_INFOPLIST_FILE = YES;
				INFOPLIST_KEY_NSHumanReadableCopyright = "";
				LD_RUNPATH_SEARCH_PATHS = (
					"$(inherited)",
					"@executable_path/../Frameworks",
				);
				MARKETING_VERSION = 1.0;
				PRODUCT_BUNDLE_IDENTIFIER = OPA.TextCompare;
				PRODUCT_NAME = "$(TARGET_NAME)";
				SWIFT_EMIT_LOC_STRINGS = YES;
				SWIFT_VERSION = 5.0;
			};
			name = Release;
		};
		22F55F81295235DF00588A31 /* Debug */ = {
			isa = XCBuildConfiguration;
			buildSettings = {
				ALWAYS_EMBED_SWIFT_STANDARD_LIBRARIES = YES;
				BUNDLE_LOADER = "$(TEST_HOST)";
				CODE_SIGN_STYLE = Automatic;
				CURRENT_PROJECT_VERSION = 1;
				DEVELOPMENT_TEAM = 6Z6V8J8WM4;
				GENERATE_INFOPLIST_FILE = YES;
				MACOSX_DEPLOYMENT_TARGET = 13.0;
				MARKETING_VERSION = 1.0;
				PRODUCT_BUNDLE_IDENTIFIER = OPA.TextCompareTests;
				PRODUCT_NAME = "$(TARGET_NAME)";
				SWIFT_EMIT_LOC_STRINGS = NO;
				SWIFT_VERSION = 5.0;
				TEST_HOST = "$(BUILT_PRODUCTS_DIR)/TextCompare.app/$(BUNDLE_EXECUTABLE_FOLDER_PATH)/TextCompare";
			};
			name = Debug;
		};
		22F55F82295235DF00588A31 /* Release */ = {
			isa = XCBuildConfiguration;
			buildSettings = {
				ALWAYS_EMBED_SWIFT_STANDARD_LIBRARIES = YES;
				BUNDLE_LOADER = "$(TEST_HOST)";
				CODE_SIGN_STYLE = Automatic;
				CURRENT_PROJECT_VERSION = 1;
				DEVELOPMENT_TEAM = 6Z6V8J8WM4;
				GENERATE_INFOPLIST_FILE = YES;
				MACOSX_DEPLOYMENT_TARGET = 13.0;
				MARKETING_VERSION = 1.0;
				PRODUCT_BUNDLE_IDENTIFIER = OPA.TextCompareTests;
				PRODUCT_NAME = "$(TARGET_NAME)";
				SWIFT_EMIT_LOC_STRINGS = NO;
				SWIFT_VERSION = 5.0;
				TEST_HOST = "$(BUILT_PRODUCTS_DIR)/TextCompare.app/$(BUNDLE_EXECUTABLE_FOLDER_PATH)/TextCompare";
			};
			name = Release;
		};
		22F55F84295235DF00588A31 /* Debug */ = {
			isa = XCBuildConfiguration;
			buildSettings = {
				ALWAYS_EMBED_SWIFT_STANDARD_LIBRARIES = YES;
				CODE_SIGN_STYLE = Automatic;
				CURRENT_PROJECT_VERSION = 1;
				DEVELOPMENT_TEAM = 6Z6V8J8WM4;
				GENERATE_INFOPLIST_FILE = YES;
				MARKETING_VERSION = 1.0;
				PRODUCT_BUNDLE_IDENTIFIER = OPA.TextCompareUITests;
				PRODUCT_NAME = "$(TARGET_NAME)";
				SWIFT_EMIT_LOC_STRINGS = NO;
				SWIFT_VERSION = 5.0;
				TEST_TARGET_NAME = TextCompare;
			};
			name = Debug;
		};
		22F55F85295235DF00588A31 /* Release */ = {
			isa = XCBuildConfiguration;
			buildSettings = {
				ALWAYS_EMBED_SWIFT_STANDARD_LIBRARIES = YES;
				CODE_SIGN_STYLE = Automatic;
				CURRENT_PROJECT_VERSION = 1;
				DEVELOPMENT_TEAM = 6Z6V8J8WM4;
				GENERATE_INFOPLIST_FILE = YES;
				MARKETING_VERSION = 1.0;
				PRODUCT_BUNDLE_IDENTIFIER = OPA.TextCompareUITests;
				PRODUCT_NAME = "$(TARGET_NAME)";
				SWIFT_EMIT_LOC_STRINGS = NO;
				SWIFT_VERSION = 5.0;
				TEST_TARGET_NAME = TextCompare;
			};
			name = Release;
		};
/* End XCBuildConfiguration section */

/* Begin XCConfigurationList section */
		22F55F53295235DD00588A31 /* Build configuration list for PBXProject "TextCompare" */ = {
			isa = XCConfigurationList;
			buildConfigurations = (
				22F55F7B295235DF00588A31 /* Debug */,
				22F55F7C295235DF00588A31 /* Release */,
			);
			defaultConfigurationIsVisible = 0;
			defaultConfigurationName = Release;
		};
		22F55F7D295235DF00588A31 /* Build configuration list for PBXNativeTarget "TextCompare" */ = {
			isa = XCConfigurationList;
			buildConfigurations = (
				22F55F7E295235DF00588A31 /* Debug */,
				22F55F7F295235DF00588A31 /* Release */,
			);
			defaultConfigurationIsVisible = 0;
			defaultConfigurationName = Release;
		};
		22F55F80295235DF00588A31 /* Build configuration list for PBXNativeTarget "TextCompareTests" */ = {
			isa = XCConfigurationList;
			buildConfigurations = (
				22F55F81295235DF00588A31 /* Debug */,
				22F55F82295235DF00588A31 /* Release */,
			);
			defaultConfigurationIsVisible = 0;
			defaultConfigurationName = Release;
		};
		22F55F83295235DF00588A31 /* Build configuration list for PBXNativeTarget "TextCompareUITests" */ = {
			isa = XCConfigurationList;
			buildConfigurations = (
				22F55F84295235DF00588A31 /* Debug */,
				22F55F85295235DF00588A31 /* Release */,
			);
			defaultConfigurationIsVisible = 0;
			defaultConfigurationName = Release;
		};
/* End XCConfigurationList section */
	};
	rootObject = 22F55F50295235DD00588A31 /* Project object */;
}
